PODS:
  - DZNEmptyDataSet (1.8.1)

DEPENDENCIES:
  - DZNEmptyDataSet

SPEC REPOS:
  https://github.com/cocoapods/specs.git:
    - DZNEmptyDataSet

SPEC CHECKSUMS:
  DZNEmptyDataSet: 9525833b9e68ac21c30253e1d3d7076cc828eaa7

PODFILE CHECKSUM: 163e57828e01cd10f66fc90a3b65b8ab1bbe89d2

COCOAPODS: 1.5.3
